
Microsoft Visual Studio Solution File, Format Version 12.00
# Visual Studio Version 17
VisualStudioVersion = 17.1.31911.260
MinimumVisualStudioVersion = 10.0.40219.1
Project("{9A19103F-16F7-4668-BE54-9A1E7A4F7556}") = "Domo", "Domo.csproj", "{23148B68-0FD1-4448-901F-79744759C761}"
EndProject
Project("{9A19103F-16F7-4668-BE54-9A1E7A4F7556}") = "Domo.Sample.WpfApp", "..\Domo.Sample.WpfApp\Domo.Sample.WpfApp.csproj", "{15D7FAFE-E2D4-4255-BC2D-0CEB43CE2699}"
EndProject
Project("{FAE04EC0-301F-11D3-BF4B-00C04F79EFBC}") = "Domo.Tests", "..\Domo.Tests\Domo.Tests.csproj", "{AFC261A5-74C0-468C-83B5-AC9F1A63BA95}"
EndProject
Project("{FAE04EC0-301F-11D3-BF4B-00C04F79EFBC}") = "Domo.SampleModels", "..\Domo.SampleModels\Domo.SampleModels.csproj", "{CB878C9F-696E-4C76-930C-96E1B3BE2254}"
EndProject
Project("{FAE04EC0-301F-11D3-BF4B-00C04F79EFBC}") = "Domo.Sample.Services", "..\Domo.Sample.Services\Domo.Sample.Services.csproj", "{2F6B1606-2565-415D-A4E4-0F43E1B54AF6}"
EndProject
Global
	GlobalSection(SolutionConfigurationPlatforms) = preSolution
		Debug|Any CPU = Debug|Any CPU
		Release|Any CPU = Release|Any CPU
	EndGlobalSection
	GlobalSection(ProjectConfigurationPlatforms) = postSolution
		{23148B68-0FD1-4448-901F-79744759C761}.Debug|Any CPU.ActiveCfg = Debug|Any CPU
		{23148B68-0FD1-4448-901F-79744759C761}.Debug|Any CPU.Build.0 = Debug|Any CPU
		{23148B68-0FD1-4448-901F-79744759C761}.Release|Any CPU.ActiveCfg = Release|Any CPU
		{23148B68-0FD1-4448-901F-79744759C761}.Release|Any CPU.Build.0 = Release|Any CPU
		{15D7FAFE-E2D4-4255-BC2D-0CEB43CE2699}.Debug|Any CPU.ActiveCfg = Debug|Any CPU
		{15D7FAFE-E2D4-4255-BC2D-0CEB43CE2699}.Debug|Any CPU.Build.0 = Debug|Any CPU
		{15D7FAFE-E2D4-4255-BC2D-0CEB43CE2699}.Release|Any CPU.ActiveCfg = Release|Any CPU
		{15D7FAFE-E2D4-4255-BC2D-0CEB43CE2699}.Release|Any CPU.Build.0 = Release|Any CPU
		{AFC261A5-74C0-468C-83B5-AC9F1A63BA95}.Debug|Any CPU.ActiveCfg = Debug|Any CPU
		{AFC261A5-74C0-468C-83B5-AC9F1A63BA95}.Debug|Any CPU.Build.0 = Debug|Any CPU
		{AFC261A5-74C0-468C-83B5-AC9F1A63BA95}.Release|Any CPU.ActiveCfg = Release|Any CPU
		{AFC261A5-74C0-468C-83B5-AC9F1A63BA95}.Release|Any CPU.Build.0 = Release|Any CPU
		{CB878C9F-696E-4C76-930C-96E1B3BE2254}.Debug|Any CPU.ActiveCfg = Debug|Any CPU
		{CB878C9F-696E-4C76-930C-96E1B3BE2254}.Debug|Any CPU.Build.0 = Debug|Any CPU
		{CB878C9F-696E-4C76-930C-96E1B3BE2254}.Release|Any CPU.ActiveCfg = Release|Any CPU
		{CB878C9F-696E-4C76-930C-96E1B3BE2254}.Release|Any CPU.Build.0 = Release|Any CPU
		{2F6B1606-2565-415D-A4E4-0F43E1B54AF6}.Debug|Any CPU.ActiveCfg = Debug|Any CPU
		{2F6B1606-2565-415D-A4E4-0F43E1B54AF6}.Debug|Any CPU.Build.0 = Debug|Any CPU
		{2F6B1606-2565-415D-A4E4-0F43E1B54AF6}.Release|Any CPU.ActiveCfg = Release|Any CPU
		{2F6B1606-2565-415D-A4E4-0F43E1B54AF6}.Release|Any CPU.Build.0 = Release|Any CPU
	EndGlobalSection
	GlobalSection(SolutionProperties) = preSolution
		HideSolutionNode = FALSE
	EndGlobalSection
	GlobalSection(ExtensibilityGlobals) = postSolution
		SolutionGuid = {D2E62EF0-C560-44CA-80C3-B31CE6142488}
	EndGlobalSection
EndGlobal
